
Microsoft Visual Studio Solution File, Format Version 12.00
# Visual Studio Version 16
VisualStudioVersion = 16.0.29911.84
MinimumVisualStudioVersion = 10.0.40219.1
Project("{888888A0-9F3D-457C-B088-3A5042F75D52}") = "Example_Repo", "Example_Repo\Example_Repo.pyproj", "{37F803C3-96C4-4A3D-B9DE-C0335D7D4C55}"
EndProject
Global
	GlobalSection(SolutionConfigurationPlatforms) = preSolution
		Debug|Any CPU = Debug|Any CPU
		Release|Any CPU = Release|Any CPU
	EndGlobalSection
	GlobalSection(ProjectConfigurationPlatforms) = postSolution
		{37F803C3-96C4-4A3D-B9DE-C0335D7D4C55}.Debug|Any CPU.ActiveCfg = Debug|Any CPU
		{37F803C3-96C4-4A3D-B9DE-C0335D7D4C55}.Release|Any CPU.ActiveCfg = Release|Any CPU
	EndGlobalSection
	GlobalSection(SolutionProperties) = preSolution
		HideSolutionNode = FALSE
	EndGlobalSection
	GlobalSection(ExtensibilityGlobals) = postSolution
		SolutionGuid = {B98D0EF9-8495-4E0F-88E0-F1B8B70526C2}
	EndGlobalSection
EndGlobal
